// !$*UTF8*$!
{
	archiveVersion = 1;
	classes = {
	};
	objectVersion = 77;
	objects = {

/* Begin PBXContainerItemProxy section */
		253922062D26C81A004A3C3A /* PBXContainerItemProxy */ = {
			isa = PBXContainerItemProxy;
			containerPortal = 253921ED2D26C818004A3C3A /* Project object */;
			proxyType = 1;
			remoteGlobalIDString = 253921F42D26C818004A3C3A;
			remoteInfo = CounterSample;
		};
		253922102D26C81A004A3C3A /* PBXContainerItemProxy */ = {
			isa = PBXContainerItemProxy;
			containerPortal = 253921ED2D26C818004A3C3A /* Project object */;
			proxyType = 1;
			remoteGlobalIDString = 253921F42D26C818004A3C3A;
			remoteInfo = CounterSample;
		};
/* End PBXContainerItemProxy section */

/* Begin PBXFileReference section */
		253921F52D26C818004A3C3A /* CounterSample.app */ = {isa = PBXFileReference; explicitFileType = wrapper.application; includeInIndex = 0; path = CounterSample.app; sourceTree = BUILT_PRODUCTS_DIR; };
		253922052D26C81A004A3C3A /* CounterSampleTests.xctest */ = {isa = PBXFileReference; explicitFileType = wrapper.cfbundle; includeInIndex = 0; path = CounterSampleTests.xctest; sourceTree = BUILT_PRODUCTS_DIR; };
		2539220F2D26C81A004A3C3A /* CounterSampleUITests.xctest */ = {isa = PBXFileReference; explicitFileType = wrapper.cfbundle; includeInIndex = 0; path = CounterSampleUITests.xctest; sourceTree = BUILT_PRODUCTS_DIR; };
/* End PBXFileReference section */

/* Begin PBXFileSystemSynchronizedRootGroup section */
		253921F72D26C818004A3C3A /* CounterSample */ = {
			isa = PBXFileSystemSynchronizedRootGroup;
			path = CounterSample;
			sourceTree = "<group>";
		};
		253922082D26C81A004A3C3A /* CounterSampleTests */ = {
			isa = PBXFileSystemSynchronizedRootGroup;
			path = CounterSampleTests;
			sourceTree = "<group>";
		};
		253922122D26C81A004A3C3A /* CounterSampleUITests */ = {
			isa = PBXFileSystemSynchronizedRootGroup;
			path = CounterSampleUITests;
			sourceTree = "<group>";
		};
/* End PBXFileSystemSynchronizedRootGroup section */

/* Begin PBXFrameworksBuildPhase section */
		253921F22D26C818004A3C3A /* Frameworks */ = {
			isa = PBXFrameworksBuildPhase;
			buildActionMask = 2147483647;
			files = (
			);
			runOnlyForDeploymentPostprocessing = 0;
		};
		253922022D26C81A004A3C3A /* Frameworks */ = {
			isa = PBXFrameworksBuildPhase;
			buildActionMask = 2147483647;
			files = (
			);
			runOnlyForDeploymentPostprocessing = 0;
		};
		2539220C2D26C81A004A3C3A /* Frameworks */ = {
			isa = PBXFrameworksBuildPhase;
			buildActionMask = 2147483647;
			files = (
			);
			runOnlyForDeploymentPostprocessing = 0;
		};
/* End PBXFrameworksBuildPhase section */

/* Begin PBXGroup section */
		253921EC2D26C818004A3C3A = {
			isa = PBXGroup;
			children = (
				253921F72D26C818004A3C3A /* CounterSample */,
				253922082D26C81A004A3C3A /* CounterSampleTests */,
				253922122D26C81A004A3C3A /* CounterSampleUITests */,
				253921F62D26C818004A3C3A /* Products */,
			);
			sourceTree = "<group>";
		};
		253921F62D26C818004A3C3A /* Products */ = {
			isa = PBXGroup;
			children = (
				253921F52D26C818004A3C3A /* CounterSample.app */,
				253922052D26C81A004A3C3A /* CounterSampleTests.xctest */,
				2539220F2D26C81A004A3C3A /* CounterSampleUITests.xctest */,
			);
			name = Products;
			sourceTree = "<group>";
		};
/* End PBXGroup section */

/* Begin PBXNativeTarget section */
		253921F42D26C818004A3C3A /* CounterSample */ = {
			isa = PBXNativeTarget;
			buildConfigurationList = 253922192D26C81A004A3C3A /* Build configuration list for PBXNativeTarget "CounterSample" */;
			buildPhases = (
				253921F12D26C818004A3C3A /* Sources */,
				253921F22D26C818004A3C3A /* Frameworks */,
				253921F32D26C818004A3C3A /* Resources */,
			);
			buildRules = (
			);
			dependencies = (
				253922242D26CA4A004A3C3A /* PBXTargetDependency */,
			);
			fileSystemSynchronizedGroups = (
				253921F72D26C818004A3C3A /* CounterSample */,
			);
			name = CounterSample;
			packageProductDependencies = (
			);
			productName = CounterSample;
			productReference = 253921F52D26C818004A3C3A /* CounterSample.app */;
			productType = "com.apple.product-type.application";
		};
		253922042D26C81A004A3C3A /* CounterSampleTests */ = {
			isa = PBXNativeTarget;
			buildConfigurationList = 2539221C2D26C81A004A3C3A /* Build configuration list for PBXNativeTarget "CounterSampleTests" */;
			buildPhases = (
				253922012D26C81A004A3C3A /* Sources */,
				253922022D26C81A004A3C3A /* Frameworks */,
				253922032D26C81A004A3C3A /* Resources */,
			);
			buildRules = (
			);
			dependencies = (
				253922262D26CAE2004A3C3A /* PBXTargetDependency */,
				253922072D26C81A004A3C3A /* PBXTargetDependency */,
			);
			fileSystemSynchronizedGroups = (
				253922082D26C81A004A3C3A /* CounterSampleTests */,
			);
			name = CounterSampleTests;
			packageProductDependencies = (
			);
			productName = CounterSampleTests;
			productReference = 253922052D26C81A004A3C3A /* CounterSampleTests.xctest */;
			productType = "com.apple.product-type.bundle.unit-test";
		};
		2539220E2D26C81A004A3C3A /* CounterSampleUITests */ = {
			isa = PBXNativeTarget;
			buildConfigurationList = 2539221F2D26C81A004A3C3A /* Build configuration list for PBXNativeTarget "CounterSampleUITests" */;
			buildPhases = (
				2539220B2D26C81A004A3C3A /* Sources */,
				2539220C2D26C81A004A3C3A /* Frameworks */,
				2539220D2D26C81A004A3C3A /* Resources */,
			);
			buildRules = (
			);
			dependencies = (
				253922282D26CAF4004A3C3A /* PBXTargetDependency */,
				253922112D26C81A004A3C3A /* PBXTargetDependency */,
			);
			fileSystemSynchronizedGroups = (
				253922122D26C81A004A3C3A /* CounterSampleUITests */,
			);
			name = CounterSampleUITests;
			packageProductDependencies = (
			);
			productName = CounterSampleUITests;
			productReference = 2539220F2D26C81A004A3C3A /* CounterSampleUITests.xctest */;
			productType = "com.apple.product-type.bundle.ui-testing";
		};
/* End PBXNativeTarget section */

/* Begin PBXProject section */
		253921ED2D26C818004A3C3A /* Project object */ = {
			isa = PBXProject;
			attributes = {
				BuildIndependentTargetsInParallel = 1;
				LastSwiftUpdateCheck = 1620;
				LastUpgradeCheck = 1620;
				TargetAttributes = {
					253921F42D26C818004A3C3A = {
						CreatedOnToolsVersion = 16.2;
					};
					253922042D26C81A004A3C3A = {
						CreatedOnToolsVersion = 16.2;
						TestTargetID = 253921F42D26C818004A3C3A;
					};
					2539220E2D26C81A004A3C3A = {
						CreatedOnToolsVersion = 16.2;
						TestTargetID = 253921F42D26C818004A3C3A;
					};
				};
			};
			buildConfigurationList = 253921F02D26C818004A3C3A /* Build configuration list for PBXProject "CounterSample" */;
			developmentRegion = en;
			hasScannedForEncodings = 0;
			knownRegions = (
				en,
				Base,
			);
			mainGroup = 253921EC2D26C818004A3C3A;
			minimizedProjectReferenceProxies = 1;
			packageReferences = (
				253922222D26CA39004A3C3A /* XCRemoteSwiftPackageReference "SwiftLintPlugins" */,
			);
			preferredProjectObjectVersion = 77;
			productRefGroup = 253921F62D26C818004A3C3A /* Products */;
			projectDirPath = "";
			projectRoot = "";
			targets = (
				253921F42D26C818004A3C3A /* CounterSample */,
				253922042D26C81A004A3C3A /* CounterSampleTests */,
				2539220E2D26C81A004A3C3A /* CounterSampleUITests */,
			);
		};
/* End PBXProject section */

/* Begin PBXResourcesBuildPhase section */
		253921F32D26C818004A3C3A /* Resources */ = {
			isa = PBXResourcesBuildPhase;
			buildActionMask = 2147483647;
			files = (
			);
			runOnlyForDeploymentPostprocessing = 0;
		};
		253922032D26C81A004A3C3A /* Resources */ = {
			isa = PBXResourcesBuildPhase;
			buildActionMask = 2147483647;
			files = (
			);
			runOnlyForDeploymentPostprocessing = 0;
		};
		2539220D2D26C81A004A3C3A /* Resources */ = {
			isa = PBXResourcesBuildPhase;
			buildActionMask = 2147483647;
			files = (
			);
			runOnlyForDeploymentPostprocessing = 0;
		};
/* End PBXResourcesBuildPhase section */

/* Begin PBXSourcesBuildPhase section */
		253921F12D26C818004A3C3A /* Sources */ = {
			isa = PBXSourcesBuildPhase;
			buildActionMask = 2147483647;
			files = (
			);
			runOnlyForDeploymentPostprocessing = 0;
		};
		253922012D26C81A004A3C3A /* Sources */ = {
			isa = PBXSourcesBuildPhase;
			buildActionMask = 2147483647;
			files = (
			);
			runOnlyForDeploymentPostprocessing = 0;
		};
		2539220B2D26C81A004A3C3A /* Sources */ = {
			isa = PBXSourcesBuildPhase;
			buildActionMask = 2147483647;
			files = (
			);
			runOnlyForDeploymentPostprocessing = 0;
		};
/* End PBXSourcesBuildPhase section */

/* Begin PBXTargetDependency section */
		253922072D26C81A004A3C3A /* PBXTargetDependency */ = {
			isa = PBXTargetDependency;
			target = 253921F42D26C818004A3C3A /* CounterSample */;
			targetProxy = 253922062D26C81A004A3C3A /* PBXContainerItemProxy */;
		};
		253922112D26C81A004A3C3A /* PBXTargetDependency */ = {
			isa = PBXTargetDependency;
			target = 253921F42D26C818004A3C3A /* CounterSample */;
			targetProxy = 253922102D26C81A004A3C3A /* PBXContainerItemProxy */;
		};
		253922242D26CA4A004A3C3A /* PBXTargetDependency */ = {
			isa = PBXTargetDependency;
			productRef = 253922232D26CA4A004A3C3A /* SwiftLintBuildToolPlugin */;
		};
		253922262D26CAE2004A3C3A /* PBXTargetDependency */ = {
			isa = PBXTargetDependency;
			productRef = 253922252D26CAE2004A3C3A /* SwiftLintBuildToolPlugin */;
		};
		253922282D26CAF4004A3C3A /* PBXTargetDependency */ = {
			isa = PBXTargetDependency;
			productRef = 253922272D26CAF4004A3C3A /* SwiftLintBuildToolPlugin */;
		};
/* End PBXTargetDependency section */

/* Begin XCBuildConfiguration section */
		253922172D26C81A004A3C3A /* Debug */ = {
			isa = XCBuildConfiguration;
			buildSettings = {
				ALWAYS_SEARCH_USER_PATHS = NO;
				ASSETCATALOG_COMPILER_GENERATE_SWIFT_ASSET_SYMBOL_EXTENSIONS = YES;
				CLANG_ANALYZER_NONNULL = YES;
				CLANG_ANALYZER_NUMBER_OBJECT_CONVERSION = YES_AGGRESSIVE;
				CLANG_CXX_LANGUAGE_STANDARD = "gnu++20";
				CLANG_ENABLE_MODULES = YES;
				CLANG_ENABLE_OBJC_ARC = YES;
				CLANG_ENABLE_OBJC_WEAK = YES;
				CLANG_WARN_BLOCK_CAPTURE_AUTORELEASING = YES;
				CLANG_WARN_BOOL_CONVERSION = YES;
				CLANG_WARN_COMMA = YES;
				CLANG_WARN_CONSTANT_CONVERSION = YES;
				CLANG_WARN_DEPRECATED_OBJC_IMPLEMENTATIONS = YES;
				CLANG_WARN_DIRECT_OBJC_ISA_USAGE = YES_ERROR;
				CLANG_WARN_DOCUMENTATION_COMMENTS = YES;
				CLANG_WARN_EMPTY_BODY = YES;
				CLANG_WARN_ENUM_CONVERSION = YES;
				CLANG_WARN_INFINITE_RECURSION = YES;
				CLANG_WARN_INT_CONVERSION = YES;
				CLANG_WARN_NON_LITERAL_NULL_CONVERSION = YES;
				CLANG_WARN_OBJC_IMPLICIT_RETAIN_SELF = YES;
				CLANG_WARN_OBJC_LITERAL_CONVERSION = YES;
				CLANG_WARN_OBJC_ROOT_CLASS = YES_ERROR;
				CLANG_WARN_QUOTED_INCLUDE_IN_FRAMEWORK_HEADER = YES;
				CLANG_WARN_RANGE_LOOP_ANALYSIS = YES;
				CLANG_WARN_STRICT_PROTOTYPES = YES;
				CLANG_WARN_SUSPICIOUS_MOVE = YES;
				CLANG_WARN_UNGUARDED_AVAILABILITY = YES_AGGRESSIVE;
				CLANG_WARN_UNREACHABLE_CODE = YES;
				CLANG_WARN__DUPLICATE_METHOD_MATCH = YES;
				COPY_PHASE_STRIP = NO;
				DEBUG_INFORMATION_FORMAT = dwarf;
				ENABLE_STRICT_OBJC_MSGSEND = YES;
				ENABLE_TESTABILITY = YES;
				ENABLE_USER_SCRIPT_SANDBOXING = YES;
				GCC_C_LANGUAGE_STANDARD = gnu17;
				GCC_DYNAMIC_NO_PIC = NO;
				GCC_NO_COMMON_BLOCKS = YES;
				GCC_OPTIMIZATION_LEVEL = 0;
				GCC_PREPROCESSOR_DEFINITIONS = (
					"DEBUG=1",
					"$(inherited)",
				);
				GCC_WARN_64_TO_32_BIT_CONVERSION = YES;
				GCC_WARN_ABOUT_RETURN_TYPE = YES_ERROR;
				GCC_WARN_UNDECLARED_SELECTOR = YES;
				GCC_WARN_UNINITIALIZED_AUTOS = YES_AGGRESSIVE;
				GCC_WARN_UNUSED_FUNCTION = YES;
				GCC_WARN_UNUSED_VARIABLE = YES;
				IPHONEOS_DEPLOYMENT_TARGET = 18.2;
				LOCALIZATION_PREFERS_STRING_CATALOGS = YES;
				MTL_ENABLE_DEBUG_INFO = INCLUDE_SOURCE;
				MTL_FAST_MATH = YES;
				ONLY_ACTIVE_ARCH = YES;
				SDKROOT = iphoneos;
				SWIFT_ACTIVE_COMPILATION_CONDITIONS = "DEBUG $(inherited)";
				SWIFT_OPTIMIZATION_LEVEL = "-Onone";
			};
			name = Debug;
		};
		253922182D26C81A004A3C3A /* Release */ = {
			isa = XCBuildConfiguration;
			buildSettings = {
				ALWAYS_SEARCH_USER_PATHS = NO;
				ASSETCATALOG_COMPILER_GENERATE_SWIFT_ASSET_SYMBOL_EXTENSIONS = YES;
				CLANG_ANALYZER_NONNULL = YES;
				CLANG_ANALYZER_NUMBER_OBJECT_CONVERSION = YES_AGGRESSIVE;
				CLANG_CXX_LANGUAGE_STANDARD = "gnu++20";
				CLANG_ENABLE_MODULES = YES;
				CLANG_ENABLE_OBJC_ARC = YES;
				CLANG_ENABLE_OBJC_WEAK = YES;
				CLANG_WARN_BLOCK_CAPTURE_AUTORELEASING = YES;
				CLANG_WARN_BOOL_CONVERSION = YES;
				CLANG_WARN_COMMA = YES;
				CLANG_WARN_CONSTANT_CONVERSION = YES;
				CLANG_WARN_DEPRECATED_OBJC_IMPLEMENTATIONS = YES;
				CLANG_WARN_DIRECT_OBJC_ISA_USAGE = YES_ERROR;
				CLANG_WARN_DOCUMENTATION_COMMENTS = YES;
				CLANG_WARN_EMPTY_BODY = YES;
				CLANG_WARN_ENUM_CONVERSION = YES;
				CLANG_WARN_INFINITE_RECURSION = YES;
				CLANG_WARN_INT_CONVERSION = YES;
				CLANG_WARN_NON_LITERAL_NULL_CONVERSION = YES;
				CLANG_WARN_OBJC_IMPLICIT_RETAIN_SELF = YES;
				CLANG_WARN_OBJC_LITERAL_CONVERSION = YES;
				CLANG_WARN_OBJC_ROOT_CLASS = YES_ERROR;
				CLANG_WARN_QUOTED_INCLUDE_IN_FRAMEWORK_HEADER = YES;
				CLANG_WARN_RANGE_LOOP_ANALYSIS = YES;
				CLANG_WARN_STRICT_PROTOTYPES = YES;
				CLANG_WARN_SUSPICIOUS_MOVE = YES;
				CLANG_WARN_UNGUARDED_AVAILABILITY = YES_AGGRESSIVE;
				CLANG_WARN_UNREACHABLE_CODE = YES;
				CLANG_WARN__DUPLICATE_METHOD_MATCH = YES;
				COPY_PHASE_STRIP = NO;
				DEBUG_INFORMATION_FORMAT = "dwarf-with-dsym";
				ENABLE_NS_ASSERTIONS = NO;
				ENABLE_STRICT_OBJC_MSGSEND = YES;
				ENABLE_USER_SCRIPT_SANDBOXING = YES;
				GCC_C_LANGUAGE_STANDARD = gnu17;
				GCC_NO_COMMON_BLOCKS = YES;
				GCC_WARN_64_TO_32_BIT_CONVERSION = YES;
				GCC_WARN_ABOUT_RETURN_TYPE = YES_ERROR;
				GCC_WARN_UNDECLARED_SELECTOR = YES;
				GCC_WARN_UNINITIALIZED_AUTOS = YES_AGGRESSIVE;
				GCC_WARN_UNUSED_FUNCTION = YES;
				GCC_WARN_UNUSED_VARIABLE = YES;
				IPHONEOS_DEPLOYMENT_TARGET = 18.2;
				LOCALIZATION_PREFERS_STRING_CATALOGS = YES;
				MTL_ENABLE_DEBUG_INFO = NO;
				MTL_FAST_MATH = YES;
				SDKROOT = iphoneos;
				SWIFT_COMPILATION_MODE = wholemodule;
				VALIDATE_PRODUCT = YES;
			};
			name = Release;
		};
		2539221A2D26C81A004A3C3A /* Debug */ = {
			isa = XCBuildConfiguration;
			buildSettings = {
				ASSETCATALOG_COMPILER_APPICON_NAME = AppIcon;
				ASSETCATALOG_COMPILER_GLOBAL_ACCENT_COLOR_NAME = AccentColor;
				CODE_SIGN_STYLE = Automatic;
				CURRENT_PROJECT_VERSION = 1;
				DEVELOPMENT_ASSET_PATHS = "\"CounterSample/Preview Content\"";
				DEVELOPMENT_TEAM = W36L2BGW7G;
				ENABLE_PREVIEWS = YES;
				GENERATE_INFOPLIST_FILE = YES;
				INFOPLIST_KEY_UIApplicationSceneManifest_Generation = YES;
				INFOPLIST_KEY_UIApplicationSupportsIndirectInputEvents = YES;
				INFOPLIST_KEY_UILaunchScreen_Generation = YES;
				INFOPLIST_KEY_UISupportedInterfaceOrientations_iPad = "UIInterfaceOrientationPortrait UIInterfaceOrientationPortraitUpsideDown UIInterfaceOrientationLandscapeLeft UIInterfaceOrientationLandscapeRight";
				INFOPLIST_KEY_UISupportedInterfaceOrientations_iPhone = "UIInterfaceOrientationPortrait UIInterfaceOrientationLandscapeLeft UIInterfaceOrientationLandscapeRight";
				LD_RUNPATH_SEARCH_PATHS = (
					"$(inherited)",
					"@executable_path/Frameworks",
				);
				MARKETING_VERSION = 1.0;
				PRODUCT_BUNDLE_IDENTIFIER = com.tochi86.CounterSample;
				PRODUCT_NAME = "$(TARGET_NAME)";
				SWIFT_EMIT_LOC_STRINGS = YES;
				SWIFT_VERSION = 6.0;
				TARGETED_DEVICE_FAMILY = "1,2";
			};
			name = Debug;
		};
		2539221B2D26C81A004A3C3A /* Release */ = {
			isa = XCBuildConfiguration;
			buildSettings = {
				ASSETCATALOG_COMPILER_APPICON_NAME = AppIcon;
				ASSETCATALOG_COMPILER_GLOBAL_ACCENT_COLOR_NAME = AccentColor;
				CODE_SIGN_STYLE = Automatic;
				CURRENT_PROJECT_VERSION = 1;
				DEVELOPMENT_ASSET_PATHS = "\"CounterSample/Preview Content\"";
				DEVELOPMENT_TEAM = W36L2BGW7G;
				ENABLE_PREVIEWS = YES;
				GENERATE_INFOPLIST_FILE = YES;
				INFOPLIST_KEY_UIApplicationSceneManifest_Generation = YES;
				INFOPLIST_KEY_UIApplicationSupportsIndirectInputEvents = YES;
				INFOPLIST_KEY_UILaunchScreen_Generation = YES;
				INFOPLIST_KEY_UISupportedInterfaceOrientations_iPad = "UIInterfaceOrientationPortrait UIInterfaceOrientationPortraitUpsideDown UIInterfaceOrientationLandscapeLeft UIInterfaceOrientationLandscapeRight";
				INFOPLIST_KEY_UISupportedInterfaceOrientations_iPhone = "UIInterfaceOrientationPortrait UIInterfaceOrientationLandscapeLeft UIInterfaceOrientationLandscapeRight";
				LD_RUNPATH_SEARCH_PATHS = (
					"$(inherited)",
					"@executable_path/Frameworks",
				);
				MARKETING_VERSION = 1.0;
				PRODUCT_BUNDLE_IDENTIFIER = com.tochi86.CounterSample;
				PRODUCT_NAME = "$(TARGET_NAME)";
				SWIFT_EMIT_LOC_STRINGS = YES;
				SWIFT_VERSION = 6.0;
				TARGETED_DEVICE_FAMILY = "1,2";
			};
			name = Release;
		};
		2539221D2D26C81A004A3C3A /* Debug */ = {
			isa = XCBuildConfiguration;
			buildSettings = {
				BUNDLE_LOADER = "$(TEST_HOST)";
				CODE_SIGN_STYLE = Automatic;
				CURRENT_PROJECT_VERSION = 1;
				DEVELOPMENT_TEAM = W36L2BGW7G;
				GENERATE_INFOPLIST_FILE = YES;
				IPHONEOS_DEPLOYMENT_TARGET = 18.2;
				MARKETING_VERSION = 1.0;
				PRODUCT_BUNDLE_IDENTIFIER = com.tochi86.CounterSampleTests;
				PRODUCT_NAME = "$(TARGET_NAME)";
				SWIFT_EMIT_LOC_STRINGS = NO;
				SWIFT_VERSION = 6.0;
				TARGETED_DEVICE_FAMILY = "1,2";
				TEST_HOST = "$(BUILT_PRODUCTS_DIR)/CounterSample.app/$(BUNDLE_EXECUTABLE_FOLDER_PATH)/CounterSample";
			};
			name = Debug;
		};
		2539221E2D26C81A004A3C3A /* Release */ = {
			isa = XCBuildConfiguration;
			buildSettings = {
				BUNDLE_LOADER = "$(TEST_HOST)";
				CODE_SIGN_STYLE = Automatic;
				CURRENT_PROJECT_VERSION = 1;
				DEVELOPMENT_TEAM = W36L2BGW7G;
				GENERATE_INFOPLIST_FILE = YES;
				IPHONEOS_DEPLOYMENT_TARGET = 18.2;
				MARKETING_VERSION = 1.0;
				PRODUCT_BUNDLE_IDENTIFIER = com.tochi86.CounterSampleTests;
				PRODUCT_NAME = "$(TARGET_NAME)";
				SWIFT_EMIT_LOC_STRINGS = NO;
				SWIFT_VERSION = 6.0;
				TARGETED_DEVICE_FAMILY = "1,2";
				TEST_HOST = "$(BUILT_PRODUCTS_DIR)/CounterSample.app/$(BUNDLE_EXECUTABLE_FOLDER_PATH)/CounterSample";
			};
			name = Release;
		};
		253922202D26C81A004A3C3A /* Debug */ = {
			isa = XCBuildConfiguration;
			buildSettings = {
				CODE_SIGN_STYLE = Automatic;
				CURRENT_PROJECT_VERSION = 1;
				DEVELOPMENT_TEAM = W36L2BGW7G;
				GENERATE_INFOPLIST_FILE = YES;
				MARKETING_VERSION = 1.0;
				PRODUCT_BUNDLE_IDENTIFIER = com.tochi86.CounterSampleUITests;
				PRODUCT_NAME = "$(TARGET_NAME)";
				SWIFT_EMIT_LOC_STRINGS = NO;
				SWIFT_VERSION = 6.0;
				TARGETED_DEVICE_FAMILY = "1,2";
				TEST_TARGET_NAME = CounterSample;
			};
			name = Debug;
		};
		253922212D26C81A004A3C3A /* Release */ = {
			isa = XCBuildConfiguration;
			buildSettings = {
				CODE_SIGN_STYLE = Automatic;
				CURRENT_PROJECT_VERSION = 1;
				DEVELOPMENT_TEAM = W36L2BGW7G;
				GENERATE_INFOPLIST_FILE = YES;
				MARKETING_VERSION = 1.0;
				PRODUCT_BUNDLE_IDENTIFIER = com.tochi86.CounterSampleUITests;
				PRODUCT_NAME = "$(TARGET_NAME)";
				SWIFT_EMIT_LOC_STRINGS = NO;
				SWIFT_VERSION = 6.0;
				TARGETED_DEVICE_FAMILY = "1,2";
				TEST_TARGET_NAME = CounterSample;
			};
			name = Release;
		};
/* End XCBuildConfiguration section */

/* Begin XCConfigurationList section */
		253921F02D26C818004A3C3A /* Build configuration list for PBXProject "CounterSample" */ = {
			isa = XCConfigurationList;
			buildConfigurations = (
				253922172D26C81A004A3C3A /* Debug */,
				253922182D26C81A004A3C3A /* Release */,
			);
			defaultConfigurationIsVisible = 0;
			defaultConfigurationName = Release;
		};
		253922192D26C81A004A3C3A /* Build configuration list for PBXNativeTarget "CounterSample" */ = {
			isa = XCConfigurationList;
			buildConfigurations = (
				2539221A2D26C81A004A3C3A /* Debug */,
				2539221B2D26C81A004A3C3A /* Release */,
			);
			defaultConfigurationIsVisible = 0;
			defaultConfigurationName = Release;
		};
		2539221C2D26C81A004A3C3A /* Build configuration list for PBXNativeTarget "CounterSampleTests" */ = {
			isa = XCConfigurationList;
			buildConfigurations = (
				2539221D2D26C81A004A3C3A /* Debug */,
				2539221E2D26C81A004A3C3A /* Release */,
			);
			defaultConfigurationIsVisible = 0;
			defaultConfigurationName = Release;
		};
		2539221F2D26C81A004A3C3A /* Build configuration list for PBXNativeTarget "CounterSampleUITests" */ = {
			isa = XCConfigurationList;
			buildConfigurations = (
				253922202D26C81A004A3C3A /* Debug */,
				253922212D26C81A004A3C3A /* Release */,
			);
			defaultConfigurationIsVisible = 0;
			defaultConfigurationName = Release;
		};
/* End XCConfigurationList section */

/* Begin XCRemoteSwiftPackageReference section */
		253922222D26CA39004A3C3A /* XCRemoteSwiftPackageReference "SwiftLintPlugins" */ = {
			isa = XCRemoteSwiftPackageReference;
			repositoryURL = "https://github.com/SimplyDanny/SwiftLintPlugins";
			requirement = {
				kind = upToNextMajorVersion;
				minimumVersion = 0.57.1;
			};
		};
/* End XCRemoteSwiftPackageReference section */

/* Begin XCSwiftPackageProductDependency section */
		253922232D26CA4A004A3C3A /* SwiftLintBuildToolPlugin */ = {
			isa = XCSwiftPackageProductDependency;
			package = 253922222D26CA39004A3C3A /* XCRemoteSwiftPackageReference "SwiftLintPlugins" */;
			productName = "plugin:SwiftLintBuildToolPlugin";
		};
		253922252D26CAE2004A3C3A /* SwiftLintBuildToolPlugin */ = {
			isa = XCSwiftPackageProductDependency;
			package = 253922222D26CA39004A3C3A /* XCRemoteSwiftPackageReference "SwiftLintPlugins" */;
			productName = "plugin:SwiftLintBuildToolPlugin";
		};
		253922272D26CAF4004A3C3A /* SwiftLintBuildToolPlugin */ = {
			isa = XCSwiftPackageProductDependency;
			package = 253922222D26CA39004A3C3A /* XCRemoteSwiftPackageReference "SwiftLintPlugins" */;
			productName = "plugin:SwiftLintBuildToolPlugin";
		};
/* End XCSwiftPackageProductDependency section */
	};
	rootObject = 253921ED2D26C818004A3C3A /* Project object */;
}
